
Microsoft Visual Studio Solution File, Format Version 12.00
# Visual Studio Version 17
VisualStudioVersion = 17.11.35312.102
MinimumVisualStudioVersion = 10.0.40219.1
Project("{FAE04EC0-301F-11D3-BF4B-00C04F79EFBC}") = "ConsoleApp7", "ConsoleApp7\ConsoleApp7.csproj", "{9EF2C3D9-C1FC-4C8A-9F5E-94D3F1A3163D}"
EndProject
Project("{FAE04EC0-301F-11D3-BF4B-00C04F79EFBC}") = "Model", "Model\Model.csproj", "{98A06B5C-EA26-48AA-B36B-D0DE23DA996A}"
EndProject
Project("{FAE04EC0-301F-11D3-BF4B-00C04F79EFBC}") = "BusinessLogical", "BusinessLogical\BusinessLogical.csproj", "{A56B747C-FD7C-49F7-9F08-296589223952}"
EndProject
Project("{FAE04EC0-301F-11D3-BF4B-00C04F79EFBC}") = "WindowsFormsApp1", "WindowsFormsApp1\WindowsFormsApp1.csproj", "{9508A41A-0D58-44C6-9854-BC5C4803713C}"
EndProject
Project("{FAE04EC0-301F-11D3-BF4B-00C04F79EFBC}") = "DataAccessLayer", "DataAccessLayer\DataAccessLayer.csproj", "{229BDB27-2F63-4FE3-9743-9947DFAC915B}"
EndProject
Project("{FAE04EC0-301F-11D3-BF4B-00C04F79EFBC}") = "Shared", "Shared\Shared.csproj", "{33ADD336-EEBC-49A1-A751-80F0278689F2}"
EndProject
Project("{FAE04EC0-301F-11D3-BF4B-00C04F79EFBC}") = "ViewModel_Presenter", "Presenter\ViewModel_Presenter.csproj", "{FA74C73A-D497-4F10-BA9F-589347EE3EB4}"
EndProject
Project("{FAE04EC0-301F-11D3-BF4B-00C04F79EFBC}") = "ArtGallery.WPF", "ArtGallery.WPF\ArtGallery.WPF.csproj", "{6C2C6F78-B3DF-4A06-A7C5-F9A1CFB151F0}"
EndProject
Project("{2150E333-8FDC-42A3-9474-1A3956D46DE8}") = "Presentation_MVP", "Presentation_MVP", "{36D591C7-65C7-A0D1-1CBC-10CDE441BDC8}"
EndProject
Project("{2150E333-8FDC-42A3-9474-1A3956D46DE8}") = "Presentation_MVVM", "Presentation_MVVM", "{B6CA341F-0ACA-4896-BDA0-CB7908CA4975}"
EndProject
Project("{2150E333-8FDC-42A3-9474-1A3956D46DE8}") = "Core_Layers", "Core_Layers", "{2456582D-DD2A-451B-ADDC-4D6BF1B33077}"
EndProject
Global
	GlobalSection(SolutionConfigurationPlatforms) = preSolution
		Debug|Any CPU = Debug|Any CPU
		Release|Any CPU = Release|Any CPU
	EndGlobalSection
	GlobalSection(ProjectConfigurationPlatforms) = postSolution
		{9EF2C3D9-C1FC-4C8A-9F5E-94D3F1A3163D}.Debug|Any CPU.ActiveCfg = Debug|Any CPU
		{9EF2C3D9-C1FC-4C8A-9F5E-94D3F1A3163D}.Debug|Any CPU.Build.0 = Debug|Any CPU
		{9EF2C3D9-C1FC-4C8A-9F5E-94D3F1A3163D}.Release|Any CPU.ActiveCfg = Release|Any CPU
		{9EF2C3D9-C1FC-4C8A-9F5E-94D3F1A3163D}.Release|Any CPU.Build.0 = Release|Any CPU
		{98A06B5C-EA26-48AA-B36B-D0DE23DA996A}.Debug|Any CPU.ActiveCfg = Debug|Any CPU
		{98A06B5C-EA26-48AA-B36B-D0DE23DA996A}.Debug|Any CPU.Build.0 = Debug|Any CPU
		{98A06B5C-EA26-48AA-B36B-D0DE23DA996A}.Release|Any CPU.ActiveCfg = Release|Any CPU
		{98A06B5C-EA26-48AA-B36B-D0DE23DA996A}.Release|Any CPU.Build.0 = Release|Any CPU
		{A56B747C-FD7C-49F7-9F08-296589223952}.Debug|Any CPU.ActiveCfg = Debug|Any CPU
		{A56B747C-FD7C-49F7-9F08-296589223952}.Debug|Any CPU.Build.0 = Debug|Any CPU
		{A56B747C-FD7C-49F7-9F08-296589223952}.Release|Any CPU.ActiveCfg = Release|Any CPU
		{A56B747C-FD7C-49F7-9F08-296589223952}.Release|Any CPU.Build.0 = Release|Any CPU
		{9508A41A-0D58-44C6-9854-BC5C4803713C}.Debug|Any CPU.ActiveCfg = Debug|Any CPU
		{9508A41A-0D58-44C6-9854-BC5C4803713C}.Debug|Any CPU.Build.0 = Debug|Any CPU
		{9508A41A-0D58-44C6-9854-BC5C4803713C}.Release|Any CPU.ActiveCfg = Release|Any CPU
		{9508A41A-0D58-44C6-9854-BC5C4803713C}.Release|Any CPU.Build.0 = Release|Any CPU
		{229BDB27-2F63-4FE3-9743-9947DFAC915B}.Debug|Any CPU.ActiveCfg = Debug|Any CPU
		{229BDB27-2F63-4FE3-9743-9947DFAC915B}.Debug|Any CPU.Build.0 = Debug|Any CPU
		{229BDB27-2F63-4FE3-9743-9947DFAC915B}.Release|Any CPU.ActiveCfg = Release|Any CPU
		{229BDB27-2F63-4FE3-9743-9947DFAC915B}.Release|Any CPU.Build.0 = Release|Any CPU
		{33ADD336-EEBC-49A1-A751-80F0278689F2}.Debug|Any CPU.ActiveCfg = Debug|Any CPU
		{33ADD336-EEBC-49A1-A751-80F0278689F2}.Debug|Any CPU.Build.0 = Debug|Any CPU
		{33ADD336-EEBC-49A1-A751-80F0278689F2}.Release|Any CPU.ActiveCfg = Release|Any CPU
		{33ADD336-EEBC-49A1-A751-80F0278689F2}.Release|Any CPU.Build.0 = Release|Any CPU
		{FA74C73A-D497-4F10-BA9F-589347EE3EB4}.Debug|Any CPU.ActiveCfg = Debug|Any CPU
		{FA74C73A-D497-4F10-BA9F-589347EE3EB4}.Debug|Any CPU.Build.0 = Debug|Any CPU
		{FA74C73A-D497-4F10-BA9F-589347EE3EB4}.Release|Any CPU.ActiveCfg = Release|Any CPU
		{FA74C73A-D497-4F10-BA9F-589347EE3EB4}.Release|Any CPU.Build.0 = Release|Any CPU
		{6C2C6F78-B3DF-4A06-A7C5-F9A1CFB151F0}.Debug|Any CPU.ActiveCfg = Debug|Any CPU
		{6C2C6F78-B3DF-4A06-A7C5-F9A1CFB151F0}.Debug|Any CPU.Build.0 = Debug|Any CPU
		{6C2C6F78-B3DF-4A06-A7C5-F9A1CFB151F0}.Release|Any CPU.ActiveCfg = Release|Any CPU
		{6C2C6F78-B3DF-4A06-A7C5-F9A1CFB151F0}.Release|Any CPU.Build.0 = Release|Any CPU
	EndGlobalSection
	GlobalSection(SolutionProperties) = preSolution
		HideSolutionNode = FALSE
	EndGlobalSection
	GlobalSection(NestedProjects) = preSolution
		{9EF2C3D9-C1FC-4C8A-9F5E-94D3F1A3163D} = {36D591C7-65C7-A0D1-1CBC-10CDE441BDC8}
		{98A06B5C-EA26-48AA-B36B-D0DE23DA996A} = {2456582D-DD2A-451B-ADDC-4D6BF1B33077}
		{A56B747C-FD7C-49F7-9F08-296589223952} = {2456582D-DD2A-451B-ADDC-4D6BF1B33077}
		{9508A41A-0D58-44C6-9854-BC5C4803713C} = {36D591C7-65C7-A0D1-1CBC-10CDE441BDC8}
		{229BDB27-2F63-4FE3-9743-9947DFAC915B} = {2456582D-DD2A-451B-ADDC-4D6BF1B33077}
		{33ADD336-EEBC-49A1-A751-80F0278689F2} = {2456582D-DD2A-451B-ADDC-4D6BF1B33077}
		{FA74C73A-D497-4F10-BA9F-589347EE3EB4} = {2456582D-DD2A-451B-ADDC-4D6BF1B33077}
		{6C2C6F78-B3DF-4A06-A7C5-F9A1CFB151F0} = {B6CA341F-0ACA-4896-BDA0-CB7908CA4975}
	EndGlobalSection
	GlobalSection(ExtensibilityGlobals) = postSolution
		SolutionGuid = {30928D01-97FF-42B9-98A7-4F4F9402FEB6}
	EndGlobalSection
EndGlobal
