
Microsoft Visual Studio Solution File, Format Version 12.00
# Visual Studio Version 17
VisualStudioVersion = 17.11.35312.102
MinimumVisualStudioVersion = 10.0.40219.1
Project("{FAE04EC0-301F-11D3-BF4B-00C04F79EFBC}") = "ConsoleApp7", "ConsoleApp7\ConsoleApp7.csproj", "{9EF2C3D9-C1FC-4C8A-9F5E-94D3F1A3163D}"
EndProject
Project("{FAE04EC0-301F-11D3-BF4B-00C04F79EFBC}") = "Model", "Model\Model.csproj", "{98A06B5C-EA26-48AA-B36B-D0DE23DA996A}"
EndProject
Project("{FAE04EC0-301F-11D3-BF4B-00C04F79EFBC}") = "BusinessLogical", "BusinessLogical\BusinessLogical.csproj", "{A56B747C-FD7C-49F7-9F08-296589223952}"
EndProject
Project("{FAE04EC0-301F-11D3-BF4B-00C04F79EFBC}") = "WindowsFormsApp1", "WindowsFormsApp1\WindowsFormsApp1.csproj", "{9508A41A-0D58-44C6-9854-BC5C4803713C}"
EndProject
Project("{FAE04EC0-301F-11D3-BF4B-00C04F79EFBC}") = "DataAccessLayer", "DataAccessLayer\DataAccessLayer.csproj", "{229BDB27-2F63-4FE3-9743-9947DFAC915B}"
EndProject
Project("{FAE04EC0-301F-11D3-BF4B-00C04F79EFBC}") = "Shared", "Shared\Shared.csproj", "{33ADD336-EEBC-49A1-A751-80F0278689F2}"
EndProject
Project("{FAE04EC0-301F-11D3-BF4B-00C04F79EFBC}") = "Starter", "Presenter\Starter.csproj", "{FA74C73A-D497-4F10-BA9F-589347EE3EB4}"
EndProject
Project("{FAE04EC0-301F-11D3-BF4B-00C04F79EFBC}") = "Controller", "Controller\Controller.csproj", "{AC87D80D-3694-4968-B955-C428923C7E57}"
EndProject
Global
	GlobalSection(SolutionConfigurationPlatforms) = preSolution
		Debug|Any CPU = Debug|Any CPU
		Release|Any CPU = Release|Any CPU
	EndGlobalSection
	GlobalSection(ProjectConfigurationPlatforms) = postSolution
		{9EF2C3D9-C1FC-4C8A-9F5E-94D3F1A3163D}.Debug|Any CPU.ActiveCfg = Debug|Any CPU
		{9EF2C3D9-C1FC-4C8A-9F5E-94D3F1A3163D}.Debug|Any CPU.Build.0 = Debug|Any CPU
		{9EF2C3D9-C1FC-4C8A-9F5E-94D3F1A3163D}.Release|Any CPU.ActiveCfg = Release|Any CPU
		{9EF2C3D9-C1FC-4C8A-9F5E-94D3F1A3163D}.Release|Any CPU.Build.0 = Release|Any CPU
		{98A06B5C-EA26-48AA-B36B-D0DE23DA996A}.Debug|Any CPU.ActiveCfg = Debug|Any CPU
		{98A06B5C-EA26-48AA-B36B-D0DE23DA996A}.Debug|Any CPU.Build.0 = Debug|Any CPU
		{98A06B5C-EA26-48AA-B36B-D0DE23DA996A}.Release|Any CPU.ActiveCfg = Release|Any CPU
		{98A06B5C-EA26-48AA-B36B-D0DE23DA996A}.Release|Any CPU.Build.0 = Release|Any CPU
		{A56B747C-FD7C-49F7-9F08-296589223952}.Debug|Any CPU.ActiveCfg = Debug|Any CPU
		{A56B747C-FD7C-49F7-9F08-296589223952}.Debug|Any CPU.Build.0 = Debug|Any CPU
		{A56B747C-FD7C-49F7-9F08-296589223952}.Release|Any CPU.ActiveCfg = Release|Any CPU
		{A56B747C-FD7C-49F7-9F08-296589223952}.Release|Any CPU.Build.0 = Release|Any CPU
		{9508A41A-0D58-44C6-9854-BC5C4803713C}.Debug|Any CPU.ActiveCfg = Debug|Any CPU
		{9508A41A-0D58-44C6-9854-BC5C4803713C}.Debug|Any CPU.Build.0 = Debug|Any CPU
		{9508A41A-0D58-44C6-9854-BC5C4803713C}.Release|Any CPU.ActiveCfg = Release|Any CPU
		{9508A41A-0D58-44C6-9854-BC5C4803713C}.Release|Any CPU.Build.0 = Release|Any CPU
		{229BDB27-2F63-4FE3-9743-9947DFAC915B}.Debug|Any CPU.ActiveCfg = Debug|Any CPU
		{229BDB27-2F63-4FE3-9743-9947DFAC915B}.Debug|Any CPU.Build.0 = Debug|Any CPU
		{229BDB27-2F63-4FE3-9743-9947DFAC915B}.Release|Any CPU.ActiveCfg = Release|Any CPU
		{229BDB27-2F63-4FE3-9743-9947DFAC915B}.Release|Any CPU.Build.0 = Release|Any CPU
		{33ADD336-EEBC-49A1-A751-80F0278689F2}.Debug|Any CPU.ActiveCfg = Debug|Any CPU
		{33ADD336-EEBC-49A1-A751-80F0278689F2}.Debug|Any CPU.Build.0 = Debug|Any CPU
		{33ADD336-EEBC-49A1-A751-80F0278689F2}.Release|Any CPU.ActiveCfg = Release|Any CPU
		{33ADD336-EEBC-49A1-A751-80F0278689F2}.Release|Any CPU.Build.0 = Release|Any CPU
		{FA74C73A-D497-4F10-BA9F-589347EE3EB4}.Debug|Any CPU.ActiveCfg = Debug|Any CPU
		{FA74C73A-D497-4F10-BA9F-589347EE3EB4}.Debug|Any CPU.Build.0 = Debug|Any CPU
		{FA74C73A-D497-4F10-BA9F-589347EE3EB4}.Release|Any CPU.ActiveCfg = Release|Any CPU
		{FA74C73A-D497-4F10-BA9F-589347EE3EB4}.Release|Any CPU.Build.0 = Release|Any CPU
		{AC87D80D-3694-4968-B955-C428923C7E57}.Debug|Any CPU.ActiveCfg = Debug|Any CPU
		{AC87D80D-3694-4968-B955-C428923C7E57}.Debug|Any CPU.Build.0 = Debug|Any CPU
		{AC87D80D-3694-4968-B955-C428923C7E57}.Release|Any CPU.ActiveCfg = Release|Any CPU
		{AC87D80D-3694-4968-B955-C428923C7E57}.Release|Any CPU.Build.0 = Release|Any CPU
	EndGlobalSection
	GlobalSection(SolutionProperties) = preSolution
		HideSolutionNode = FALSE
	EndGlobalSection
	GlobalSection(ExtensibilityGlobals) = postSolution
		SolutionGuid = {30928D01-97FF-42B9-98A7-4F4F9402FEB6}
	EndGlobalSection
EndGlobal
